
Microsoft Visual Studio Solution File, Format Version 12.00
# Visual Studio Version 16
VisualStudioVersion = 16.0.31019.35
MinimumVisualStudioVersion = 10.0.40219.1
Project("{FAE04EC0-301F-11D3-BF4B-00C04F79EFBC}") = "ProjectNeuroevolution", "ProjectNeuroevolution\ProjectNeuroevolution.csproj", "{00AE6E24-855E-456D-9436-32C1519FF8DF}"
EndProject
Global
	GlobalSection(SolutionConfigurationPlatforms) = preSolution
		Debug|Any CPU = Debug|Any CPU
		Release|Any CPU = Release|Any CPU
	EndGlobalSection
	GlobalSection(ProjectConfigurationPlatforms) = postSolution
		{00AE6E24-855E-456D-9436-32C1519FF8DF}.Debug|Any CPU.ActiveCfg = Debug|Any CPU
		{00AE6E24-855E-456D-9436-32C1519FF8DF}.Debug|Any CPU.Build.0 = Debug|Any CPU
		{00AE6E24-855E-456D-9436-32C1519FF8DF}.Release|Any CPU.ActiveCfg = Release|Any CPU
		{00AE6E24-855E-456D-9436-32C1519FF8DF}.Release|Any CPU.Build.0 = Release|Any CPU
	EndGlobalSection
	GlobalSection(SolutionProperties) = preSolution
		HideSolutionNode = FALSE
	EndGlobalSection
	GlobalSection(ExtensibilityGlobals) = postSolution
		SolutionGuid = {16994361-EAB8-4F76-AEDF-ACACDA335082}
	EndGlobalSection
EndGlobal
